
Microsoft Visual Studio Solution File, Format Version 12.00
# Visual Studio Version 17
VisualStudioVersion = 17.6.33829.357
MinimumVisualStudioVersion = 10.0.40219.1
Project("{FAE04EC0-301F-11D3-BF4B-00C04F79EFBC}") = "Final Project", "Final Project\Final Project.csproj", "{6F1B4C33-A7A6-4E6C-B4F3-DB84E6B66907}"
EndProject
Global
	GlobalSection(SolutionConfigurationPlatforms) = preSolution
		Debug|Any CPU = Debug|Any CPU
		Release|Any CPU = Release|Any CPU
	EndGlobalSection
	GlobalSection(ProjectConfigurationPlatforms) = postSolution
		{6F1B4C33-A7A6-4E6C-B4F3-DB84E6B66907}.Debug|Any CPU.ActiveCfg = Debug|Any CPU
		{6F1B4C33-A7A6-4E6C-B4F3-DB84E6B66907}.Debug|Any CPU.Build.0 = Debug|Any CPU
		{6F1B4C33-A7A6-4E6C-B4F3-DB84E6B66907}.Release|Any CPU.ActiveCfg = Release|Any CPU
		{6F1B4C33-A7A6-4E6C-B4F3-DB84E6B66907}.Release|Any CPU.Build.0 = Release|Any CPU
	EndGlobalSection
	GlobalSection(SolutionProperties) = preSolution
		HideSolutionNode = FALSE
	EndGlobalSection
	GlobalSection(ExtensibilityGlobals) = postSolution
		SolutionGuid = {328D5FAB-0541-4E43-85CC-28E142139477}
	EndGlobalSection
EndGlobal
